
Microsoft Visual Studio Solution File, Format Version 12.00
# Visual Studio Version 17
VisualStudioVersion = 17.14.36212.18 d17.14
MinimumVisualStudioVersion = 10.0.40219.1
Project("{2150E333-8FDC-42A3-9474-1A3956D46DE8}") = "src", "src", "{02EA681E-C7D8-13C7-8484-4AC65E1B71E8}"
EndProject
Project("{FAE04EC0-301F-11D3-BF4B-00C04F79EFBC}") = "Sport.Domain", "src\Sport.Domain\Sport.Domain.csproj", "{284F2A3B-C35F-4F45-9B65-7EC6A6D485CF}"
EndProject
Project("{FAE04EC0-301F-11D3-BF4B-00C04F79EFBC}") = "Sport.Application", "src\Sport.Application\Sport.Application.csproj", "{E31F0525-47DE-423F-B8DA-D79FBFF7B517}"
EndProject
Project("{FAE04EC0-301F-11D3-BF4B-00C04F79EFBC}") = "Sport.Infrastructure", "src\Sport.Infrastructure\Sport.Infrastructure.csproj", "{2842E7C6-D2AD-4D26-BBE6-7F1CE709FBAB}"
EndProject
Project("{FAE04EC0-301F-11D3-BF4B-00C04F79EFBC}") = "Sport.Api", "src\Sport.Api\Sport.Api.csproj", "{108EBA85-A661-4779-8624-B26823F9CF7A}"
EndProject
Global
	GlobalSection(SolutionConfigurationPlatforms) = preSolution
		Debug|Any CPU = Debug|Any CPU
		Release|Any CPU = Release|Any CPU
	EndGlobalSection
	GlobalSection(ProjectConfigurationPlatforms) = postSolution
		{284F2A3B-C35F-4F45-9B65-7EC6A6D485CF}.Debug|Any CPU.ActiveCfg = Debug|Any CPU
		{284F2A3B-C35F-4F45-9B65-7EC6A6D485CF}.Debug|Any CPU.Build.0 = Debug|Any CPU
		{284F2A3B-C35F-4F45-9B65-7EC6A6D485CF}.Release|Any CPU.ActiveCfg = Release|Any CPU
		{284F2A3B-C35F-4F45-9B65-7EC6A6D485CF}.Release|Any CPU.Build.0 = Release|Any CPU
		{E31F0525-47DE-423F-B8DA-D79FBFF7B517}.Debug|Any CPU.ActiveCfg = Debug|Any CPU
		{E31F0525-47DE-423F-B8DA-D79FBFF7B517}.Debug|Any CPU.Build.0 = Debug|Any CPU
		{E31F0525-47DE-423F-B8DA-D79FBFF7B517}.Release|Any CPU.ActiveCfg = Release|Any CPU
		{E31F0525-47DE-423F-B8DA-D79FBFF7B517}.Release|Any CPU.Build.0 = Release|Any CPU
		{2842E7C6-D2AD-4D26-BBE6-7F1CE709FBAB}.Debug|Any CPU.ActiveCfg = Debug|Any CPU
		{2842E7C6-D2AD-4D26-BBE6-7F1CE709FBAB}.Debug|Any CPU.Build.0 = Debug|Any CPU
		{2842E7C6-D2AD-4D26-BBE6-7F1CE709FBAB}.Release|Any CPU.ActiveCfg = Release|Any CPU
		{2842E7C6-D2AD-4D26-BBE6-7F1CE709FBAB}.Release|Any CPU.Build.0 = Release|Any CPU
		{108EBA85-A661-4779-8624-B26823F9CF7A}.Debug|Any CPU.ActiveCfg = Debug|Any CPU
		{108EBA85-A661-4779-8624-B26823F9CF7A}.Debug|Any CPU.Build.0 = Debug|Any CPU
		{108EBA85-A661-4779-8624-B26823F9CF7A}.Release|Any CPU.ActiveCfg = Release|Any CPU
		{108EBA85-A661-4779-8624-B26823F9CF7A}.Release|Any CPU.Build.0 = Release|Any CPU
	EndGlobalSection
	GlobalSection(SolutionProperties) = preSolution
		HideSolutionNode = FALSE
	EndGlobalSection
	GlobalSection(NestedProjects) = preSolution
		{284F2A3B-C35F-4F45-9B65-7EC6A6D485CF} = {02EA681E-C7D8-13C7-8484-4AC65E1B71E8}
		{E31F0525-47DE-423F-B8DA-D79FBFF7B517} = {02EA681E-C7D8-13C7-8484-4AC65E1B71E8}
		{2842E7C6-D2AD-4D26-BBE6-7F1CE709FBAB} = {02EA681E-C7D8-13C7-8484-4AC65E1B71E8}
		{108EBA85-A661-4779-8624-B26823F9CF7A} = {02EA681E-C7D8-13C7-8484-4AC65E1B71E8}
	EndGlobalSection
	GlobalSection(ExtensibilityGlobals) = postSolution
		SolutionGuid = {A9EF6D4D-C5E7-4B94-9798-21C9CEBAC29E}
	EndGlobalSection
EndGlobal
